// !$*UTF8*$!
{
	archiveVersion = 1;
	classes = {
	};
	objectVersion = 50;
	objects = {

/* Begin PBXBuildFile section */
		6233D963248F8BB40086DFF0 /* AppDelegate.swift in Sources */ = {isa = PBXBuildFile; fileRef = 6233D962248F8BB40086DFF0 /* AppDelegate.swift */; };
		6233D965248F8BB40086DFF0 /* SceneDelegate.swift in Sources */ = {isa = PBXBuildFile; fileRef = 6233D964248F8BB40086DFF0 /* SceneDelegate.swift */; };
		6233D967248F8BB40086DFF0 /* ContentView.swift in Sources */ = {isa = PBXBuildFile; fileRef = 6233D966248F8BB40086DFF0 /* ContentView.swift */; };
		6233D969248F8BB60086DFF0 /* Assets.xcassets in Resources */ = {isa = PBXBuildFile; fileRef = 6233D968248F8BB60086DFF0 /* Assets.xcassets */; };
		6233D96C248F8BB60086DFF0 /* Preview Assets.xcassets in Resources */ = {isa = PBXBuildFile; fileRef = 6233D96B248F8BB60086DFF0 /* Preview Assets.xcassets */; };
		6233D96F248F8BB60086DFF0 /* LaunchScreen.storyboard in Resources */ = {isa = PBXBuildFile; fileRef = 6233D96D248F8BB60086DFF0 /* LaunchScreen.storyboard */; };
		6233D99E248F8BF70086DFF0 /* EditingListView.swift in Sources */ = {isa = PBXBuildFile; fileRef = 6233D97A248F8BF60086DFF0 /* EditingListView.swift */; };
		6233D99F248F8BF70086DFF0 /* iExpenseView.swift in Sources */ = {isa = PBXBuildFile; fileRef = 6233D97B248F8BF60086DFF0 /* iExpenseView.swift */; };
		6233D9A0248F8BF70086DFF0 /* PresentView.swift in Sources */ = {isa = PBXBuildFile; fileRef = 6233D97C248F8BF60086DFF0 /* PresentView.swift */; };
		6233D9A1248F8BF70086DFF0 /* ExpenseDetailView.swift in Sources */ = {isa = PBXBuildFile; fileRef = 6233D97D248F8BF60086DFF0 /* ExpenseDetailView.swift */; };
		6233D9A2248F8BF70086DFF0 /* AddExpenseView.swift in Sources */ = {isa = PBXBuildFile; fileRef = 6233D97E248F8BF60086DFF0 /* AddExpenseView.swift */; };
		6233D9A3248F8BF70086DFF0 /* StructAndStateView.swift in Sources */ = {isa = PBXBuildFile; fileRef = 6233D97F248F8BF60086DFF0 /* StructAndStateView.swift */; };
		6233D9A8248F8BF70086DFF0 /* StartSwiftUIView.swift in Sources */ = {isa = PBXBuildFile; fileRef = 6233D986248F8BF60086DFF0 /* StartSwiftUIView.swift */; };
		6233D9A9248F8BF70086DFF0 /* BetterRest.mlmodel in Sources */ = {isa = PBXBuildFile; fileRef = 6233D989248F8BF60086DFF0 /* BetterRest.mlmodel */; };
		6233D9AA248F8BF70086DFF0 /* BetterRestStart.swift in Sources */ = {isa = PBXBuildFile; fileRef = 6233D98A248F8BF60086DFF0 /* BetterRestStart.swift */; };
		6233D9AB248F8BF70086DFF0 /* BetterRestView.swift in Sources */ = {isa = PBXBuildFile; fileRef = 6233D98B248F8BF60086DFF0 /* BetterRestView.swift */; };
		6233D9AC248F8BF70086DFF0 /* CustomTitleView.swift in Sources */ = {isa = PBXBuildFile; fileRef = 6233D98D248F8BF60086DFF0 /* CustomTitleView.swift */; };
		6233D9AD248F8BF70086DFF0 /* CustomTitle.swift in Sources */ = {isa = PBXBuildFile; fileRef = 6233D98E248F8BF60086DFF0 /* CustomTitle.swift */; };
		6233D9AE248F8BF70086DFF0 /* GuessTheFlagView.swift in Sources */ = {isa = PBXBuildFile; fileRef = 6233D98F248F8BF60086DFF0 /* GuessTheFlagView.swift */; };
		6233D9AF248F8BF70086DFF0 /* GridStack.swift in Sources */ = {isa = PBXBuildFile; fileRef = 6233D990248F8BF60086DFF0 /* GridStack.swift */; };
		6233D9B0248F8BF70086DFF0 /* MissionView.swift in Sources */ = {isa = PBXBuildFile; fileRef = 6233D992248F8BF70086DFF0 /* MissionView.swift */; };
		6233D9B1248F8BF70086DFF0 /* missions.json in Resources */ = {isa = PBXBuildFile; fileRef = 6233D993248F8BF70086DFF0 /* missions.json */; };
		6233D9B2248F8BF70086DFF0 /* MoonshotView.swift in Sources */ = {isa = PBXBuildFile; fileRef = 6233D994248F8BF70086DFF0 /* MoonshotView.swift */; };
		6233D9B3248F8BF70086DFF0 /* ScrollContentView.swift in Sources */ = {isa = PBXBuildFile; fileRef = 6233D995248F8BF70086DFF0 /* ScrollContentView.swift */; };
		6233D9B4248F8BF70086DFF0 /* AstronautView.swift in Sources */ = {isa = PBXBuildFile; fileRef = 6233D996248F8BF70086DFF0 /* AstronautView.swift */; };
		6233D9B5248F8BF70086DFF0 /* ImageGeomenView.swift in Sources */ = {isa = PBXBuildFile; fileRef = 6233D997248F8BF70086DFF0 /* ImageGeomenView.swift */; };
		6233D9B6248F8BF70086DFF0 /* astronauts.json in Resources */ = {isa = PBXBuildFile; fileRef = 6233D998248F8BF70086DFF0 /* astronauts.json */; };
		6233D9B7248F8BF70086DFF0 /* AnimationsStart.swift in Sources */ = {isa = PBXBuildFile; fileRef = 6233D99A248F8BF70086DFF0 /* AnimationsStart.swift */; };
		6233D9B8248F8BF70086DFF0 /* ViewModifierTransition.swift in Sources */ = {isa = PBXBuildFile; fileRef = 6233D99B248F8BF70086DFF0 /* ViewModifierTransition.swift */; };
		6233D9B9248F8BF70086DFF0 /* GuestureAnimations.swift in Sources */ = {isa = PBXBuildFile; fileRef = 6233D99C248F8BF70086DFF0 /* GuestureAnimations.swift */; };
		6233D9BA248F8BF70086DFF0 /* ShowAndHiddenViews.swift in Sources */ = {isa = PBXBuildFile; fileRef = 6233D99D248F8BF70086DFF0 /* ShowAndHiddenViews.swift */; };
		6233D9BC248F950D0086DFF0 /* README.md in Resources */ = {isa = PBXBuildFile; fileRef = 6233D9BB248F950D0086DFF0 /* README.md */; };
		6233D9C3248F95560086DFF0 /* WordScrambleView.swift in Sources */ = {isa = PBXBuildFile; fileRef = 6233D9BE248F95560086DFF0 /* WordScrambleView.swift */; };
		6233D9C4248F95560086DFF0 /* WordScrambleStart.swift in Sources */ = {isa = PBXBuildFile; fileRef = 6233D9BF248F95560086DFF0 /* WordScrambleStart.swift */; };
		6233D9C5248F95560086DFF0 /* ListRowView.swift in Sources */ = {isa = PBXBuildFile; fileRef = 6233D9C0248F95560086DFF0 /* ListRowView.swift */; };
		6233D9C6248F95560086DFF0 /* start.txt in Resources */ = {isa = PBXBuildFile; fileRef = 6233D9C2248F95560086DFF0 /* start.txt */; };
		6274E015249075BB00FB969D /* DrawingStartView.swift in Sources */ = {isa = PBXBuildFile; fileRef = 6274E014249075BB00FB969D /* DrawingStartView.swift */; };
		6274E017249081B300FB969D /* Flower.swift in Sources */ = {isa = PBXBuildFile; fileRef = 6274E016249081B300FB969D /* Flower.swift */; };
		6274E0192490855A00FB969D /* DrawingFlowerView.swift in Sources */ = {isa = PBXBuildFile; fileRef = 6274E0182490855A00FB969D /* DrawingFlowerView.swift */; };
		6274E01B24908FD700FB969D /* ImageBackgroundView.swift in Sources */ = {isa = PBXBuildFile; fileRef = 6274E01A24908FD700FB969D /* ImageBackgroundView.swift */; };
		6274E01D2490DA8500FB969D /* ColorCyclingCircle.swift in Sources */ = {isa = PBXBuildFile; fileRef = 6274E01C2490DA8500FB969D /* ColorCyclingCircle.swift */; };
		6274E01F2490DC3700FB969D /* CyclingCircleView.swift in Sources */ = {isa = PBXBuildFile; fileRef = 6274E01E2490DC3700FB969D /* CyclingCircleView.swift */; };
		6274E0212490E0D700FB969D /* MultiplyView.swift in Sources */ = {isa = PBXBuildFile; fileRef = 6274E0202490E0D700FB969D /* MultiplyView.swift */; };
		6274E0232490E3A600FB969D /* OverlappingCirclesView.swift in Sources */ = {isa = PBXBuildFile; fileRef = 6274E0222490E3A600FB969D /* OverlappingCirclesView.swift */; };
/* End PBXBuildFile section */

/* Begin PBXFileReference section */
		6233D95F248F8BB40086DFF0 /* Hacking_SwiftUI.app */ = {isa = PBXFileReference; explicitFileType = wrapper.application; includeInIndex = 0; path = Hacking_SwiftUI.app; sourceTree = BUILT_PRODUCTS_DIR; };
		6233D962248F8BB40086DFF0 /* AppDelegate.swift */ = {isa = PBXFileReference; lastKnownFileType = sourcecode.swift; path = AppDelegate.swift; sourceTree = "<group>"; };
		6233D964248F8BB40086DFF0 /* SceneDelegate.swift */ = {isa = PBXFileReference; lastKnownFileType = sourcecode.swift; path = SceneDelegate.swift; sourceTree = "<group>"; };
		6233D966248F8BB40086DFF0 /* ContentView.swift */ = {isa = PBXFileReference; lastKnownFileType = sourcecode.swift; path = ContentView.swift; sourceTree = "<group>"; };
		6233D968248F8BB60086DFF0 /* Assets.xcassets */ = {isa = PBXFileReference; lastKnownFileType = folder.assetcatalog; path = Assets.xcassets; sourceTree = "<group>"; };
		6233D96B248F8BB60086DFF0 /* Preview Assets.xcassets */ = {isa = PBXFileReference; lastKnownFileType = folder.assetcatalog; path = "Preview Assets.xcassets"; sourceTree = "<group>"; };
		6233D96E248F8BB60086DFF0 /* Base */ = {isa = PBXFileReference; lastKnownFileType = file.storyboard; name = Base; path = Base.lproj/LaunchScreen.storyboard; sourceTree = "<group>"; };
		6233D970248F8BB60086DFF0 /* Info.plist */ = {isa = PBXFileReference; lastKnownFileType = text.plist.xml; path = Info.plist; sourceTree = "<group>"; };
		6233D97A248F8BF60086DFF0 /* EditingListView.swift */ = {isa = PBXFileReference; fileEncoding = 4; lastKnownFileType = sourcecode.swift; path = EditingListView.swift; sourceTree = "<group>"; };
		6233D97B248F8BF60086DFF0 /* iExpenseView.swift */ = {isa = PBXFileReference; fileEncoding = 4; lastKnownFileType = sourcecode.swift; path = iExpenseView.swift; sourceTree = "<group>"; };
		6233D97C248F8BF60086DFF0 /* PresentView.swift */ = {isa = PBXFileReference; fileEncoding = 4; lastKnownFileType = sourcecode.swift; path = PresentView.swift; sourceTree = "<group>"; };
		6233D97D248F8BF60086DFF0 /* ExpenseDetailView.swift */ = {isa = PBXFileReference; fileEncoding = 4; lastKnownFileType = sourcecode.swift; path = ExpenseDetailView.swift; sourceTree = "<group>"; };
		6233D97E248F8BF60086DFF0 /* AddExpenseView.swift */ = {isa = PBXFileReference; fileEncoding = 4; lastKnownFileType = sourcecode.swift; path = AddExpenseView.swift; sourceTree = "<group>"; };
		6233D97F248F8BF60086DFF0 /* StructAndStateView.swift */ = {isa = PBXFileReference; fileEncoding = 4; lastKnownFileType = sourcecode.swift; path = StructAndStateView.swift; sourceTree = "<group>"; };
		6233D986248F8BF60086DFF0 /* StartSwiftUIView.swift */ = {isa = PBXFileReference; fileEncoding = 4; lastKnownFileType = sourcecode.swift; path = StartSwiftUIView.swift; sourceTree = "<group>"; };
		6233D989248F8BF60086DFF0 /* BetterRest.mlmodel */ = {isa = PBXFileReference; lastKnownFileType = file.mlmodel; path = BetterRest.mlmodel; sourceTree = "<group>"; };
		6233D98A248F8BF60086DFF0 /* BetterRestStart.swift */ = {isa = PBXFileReference; fileEncoding = 4; lastKnownFileType = sourcecode.swift; path = BetterRestStart.swift; sourceTree = "<group>"; };
		6233D98B248F8BF60086DFF0 /* BetterRestView.swift */ = {isa = PBXFileReference; fileEncoding = 4; lastKnownFileType = sourcecode.swift; path = BetterRestView.swift; sourceTree = "<group>"; };
		6233D98D248F8BF60086DFF0 /* CustomTitleView.swift */ = {isa = PBXFileReference; fileEncoding = 4; lastKnownFileType = sourcecode.swift; path = CustomTitleView.swift; sourceTree = "<group>"; };
		6233D98E248F8BF60086DFF0 /* CustomTitle.swift */ = {isa = PBXFileReference; fileEncoding = 4; lastKnownFileType = sourcecode.swift; path = CustomTitle.swift; sourceTree = "<group>"; };
		6233D98F248F8BF60086DFF0 /* GuessTheFlagView.swift */ = {isa = PBXFileReference; fileEncoding = 4; lastKnownFileType = sourcecode.swift; path = GuessTheFlagView.swift; sourceTree = "<group>"; };
		6233D990248F8BF60086DFF0 /* GridStack.swift */ = {isa = PBXFileReference; fileEncoding = 4; lastKnownFileType = sourcecode.swift; path = GridStack.swift; sourceTree = "<group>"; };
		6233D992248F8BF70086DFF0 /* MissionView.swift */ = {isa = PBXFileReference; fileEncoding = 4; lastKnownFileType = sourcecode.swift; path = MissionView.swift; sourceTree = "<group>"; };
		6233D993248F8BF70086DFF0 /* missions.json */ = {isa = PBXFileReference; fileEncoding = 4; lastKnownFileType = text.json; path = missions.json; sourceTree = "<group>"; };
		6233D994248F8BF70086DFF0 /* MoonshotView.swift */ = {isa = PBXFileReference; fileEncoding = 4; lastKnownFileType = sourcecode.swift; path = MoonshotView.swift; sourceTree = "<group>"; };
		6233D995248F8BF70086DFF0 /* ScrollContentView.swift */ = {isa = PBXFileReference; fileEncoding = 4; lastKnownFileType = sourcecode.swift; path = ScrollContentView.swift; sourceTree = "<group>"; };
		6233D996248F8BF70086DFF0 /* AstronautView.swift */ = {isa = PBXFileReference; fileEncoding = 4; lastKnownFileType = sourcecode.swift; path = AstronautView.swift; sourceTree = "<group>"; };
		6233D997248F8BF70086DFF0 /* ImageGeomenView.swift */ = {isa = PBXFileReference; fileEncoding = 4; lastKnownFileType = sourcecode.swift; path = ImageGeomenView.swift; sourceTree = "<group>"; };
		6233D998248F8BF70086DFF0 /* astronauts.json */ = {isa = PBXFileReference; fileEncoding = 4; lastKnownFileType = text.json; path = astronauts.json; sourceTree = "<group>"; };
		6233D99A248F8BF70086DFF0 /* AnimationsStart.swift */ = {isa = PBXFileReference; fileEncoding = 4; lastKnownFileType = sourcecode.swift; path = AnimationsStart.swift; sourceTree = "<group>"; };
		6233D99B248F8BF70086DFF0 /* ViewModifierTransition.swift */ = {isa = PBXFileReference; fileEncoding = 4; lastKnownFileType = sourcecode.swift; path = ViewModifierTransition.swift; sourceTree = "<group>"; };
		6233D99C248F8BF70086DFF0 /* GuestureAnimations.swift */ = {isa = PBXFileReference; fileEncoding = 4; lastKnownFileType = sourcecode.swift; path = GuestureAnimations.swift; sourceTree = "<group>"; };
		6233D99D248F8BF70086DFF0 /* ShowAndHiddenViews.swift */ = {isa = PBXFileReference; fileEncoding = 4; lastKnownFileType = sourcecode.swift; path = ShowAndHiddenViews.swift; sourceTree = "<group>"; };
		6233D9BB248F950D0086DFF0 /* README.md */ = {isa = PBXFileReference; fileEncoding = 4; lastKnownFileType = net.daringfireball.markdown; path = README.md; sourceTree = SOURCE_ROOT; };
		6233D9BE248F95560086DFF0 /* WordScrambleView.swift */ = {isa = PBXFileReference; fileEncoding = 4; lastKnownFileType = sourcecode.swift; path = WordScrambleView.swift; sourceTree = "<group>"; };
		6233D9BF248F95560086DFF0 /* WordScrambleStart.swift */ = {isa = PBXFileReference; fileEncoding = 4; lastKnownFileType = sourcecode.swift; path = WordScrambleStart.swift; sourceTree = "<group>"; };
		6233D9C0248F95560086DFF0 /* ListRowView.swift */ = {isa = PBXFileReference; fileEncoding = 4; lastKnownFileType = sourcecode.swift; path = ListRowView.swift; sourceTree = "<group>"; };
		6233D9C2248F95560086DFF0 /* start.txt */ = {isa = PBXFileReference; fileEncoding = 4; lastKnownFileType = text; path = start.txt; sourceTree = "<group>"; };
		6274E014249075BB00FB969D /* DrawingStartView.swift */ = {isa = PBXFileReference; lastKnownFileType = sourcecode.swift; path = DrawingStartView.swift; sourceTree = "<group>"; };
		6274E016249081B300FB969D /* Flower.swift */ = {isa = PBXFileReference; lastKnownFileType = sourcecode.swift; path = Flower.swift; sourceTree = "<group>"; };
		6274E0182490855A00FB969D /* DrawingFlowerView.swift */ = {isa = PBXFileReference; lastKnownFileType = sourcecode.swift; path = DrawingFlowerView.swift; sourceTree = "<group>"; };
		6274E01A24908FD700FB969D /* ImageBackgroundView.swift */ = {isa = PBXFileReference; lastKnownFileType = sourcecode.swift; path = ImageBackgroundView.swift; sourceTree = "<group>"; };
		6274E01C2490DA8500FB969D /* ColorCyclingCircle.swift */ = {isa = PBXFileReference; lastKnownFileType = sourcecode.swift; path = ColorCyclingCircle.swift; sourceTree = "<group>"; };
		6274E01E2490DC3700FB969D /* CyclingCircleView.swift */ = {isa = PBXFileReference; lastKnownFileType = sourcecode.swift; path = CyclingCircleView.swift; sourceTree = "<group>"; };
		6274E0202490E0D700FB969D /* MultiplyView.swift */ = {isa = PBXFileReference; lastKnownFileType = sourcecode.swift; path = MultiplyView.swift; sourceTree = "<group>"; };
		6274E0222490E3A600FB969D /* OverlappingCirclesView.swift */ = {isa = PBXFileReference; lastKnownFileType = sourcecode.swift; path = OverlappingCirclesView.swift; sourceTree = "<group>"; };
/* End PBXFileReference section */

/* Begin PBXFrameworksBuildPhase section */
		6233D95C248F8BB40086DFF0 /* Frameworks */ = {
			isa = PBXFrameworksBuildPhase;
			buildActionMask = 2147483647;
			files = (
			);
			runOnlyForDeploymentPostprocessing = 0;
		};
/* End PBXFrameworksBuildPhase section */

/* Begin PBXGroup section */
		6233D956248F8BB40086DFF0 = {
			isa = PBXGroup;
			children = (
				6233D961248F8BB40086DFF0 /* Hacking_SwiftUI */,
				6233D960248F8BB40086DFF0 /* Products */,
			);
			sourceTree = "<group>";
		};
		6233D960248F8BB40086DFF0 /* Products */ = {
			isa = PBXGroup;
			children = (
				6233D95F248F8BB40086DFF0 /* Hacking_SwiftUI.app */,
			);
			name = Products;
			sourceTree = "<group>";
		};
		6233D961248F8BB40086DFF0 /* Hacking_SwiftUI */ = {
			isa = PBXGroup;
			children = (
				6233D9BB248F950D0086DFF0 /* README.md */,
				6233D970248F8BB60086DFF0 /* Info.plist */,
				6233D962248F8BB40086DFF0 /* AppDelegate.swift */,
				6233D966248F8BB40086DFF0 /* ContentView.swift */,
				6233D964248F8BB40086DFF0 /* SceneDelegate.swift */,
				6233D986248F8BF60086DFF0 /* StartSwiftUIView.swift */,
				6233D968248F8BB60086DFF0 /* Assets.xcassets */,
				6233D9BD248F95560086DFF0 /* WordScramble */,
				6233D999248F8BF70086DFF0 /* Animations */,
				6233D987248F8BF60086DFF0 /* BetterRest */,
				6233D978248F8BF60086DFF0 /* Drawing */,
				6233D98C248F8BF60086DFF0 /* GuessTheFlag */,
				6233D979248F8BF60086DFF0 /* iExpense */,
				6233D96D248F8BB60086DFF0 /* LaunchScreen.storyboard */,
				6233D991248F8BF70086DFF0 /* Moonshot */,
				6233D96A248F8BB60086DFF0 /* Preview Content */,
			);
			path = Hacking_SwiftUI;
			sourceTree = "<group>";
		};
		6233D96A248F8BB60086DFF0 /* Preview Content */ = {
			isa = PBXGroup;
			children = (
				6233D96B248F8BB60086DFF0 /* Preview Assets.xcassets */,
			);
			path = "Preview Content";
			sourceTree = "<group>";
		};
		6233D978248F8BF60086DFF0 /* Drawing */ = {
			isa = PBXGroup;
			children = (
				6274E014249075BB00FB969D /* DrawingStartView.swift */,
				6274E016249081B300FB969D /* Flower.swift */,
				6274E0182490855A00FB969D /* DrawingFlowerView.swift */,
				6274E01A24908FD700FB969D /* ImageBackgroundView.swift */,
				6274E01C2490DA8500FB969D /* ColorCyclingCircle.swift */,
				6274E01E2490DC3700FB969D /* CyclingCircleView.swift */,
				6274E0202490E0D700FB969D /* MultiplyView.swift */,
				6274E0222490E3A600FB969D /* OverlappingCirclesView.swift */,
			);
			path = Drawing;
			sourceTree = "<group>";
		};
		6233D979248F8BF60086DFF0 /* iExpense */ = {
			isa = PBXGroup;
			children = (
				6233D97A248F8BF60086DFF0 /* EditingListView.swift */,
				6233D97B248F8BF60086DFF0 /* iExpenseView.swift */,
				6233D97C248F8BF60086DFF0 /* PresentView.swift */,
				6233D97D248F8BF60086DFF0 /* ExpenseDetailView.swift */,
				6233D97E248F8BF60086DFF0 /* AddExpenseView.swift */,
				6233D97F248F8BF60086DFF0 /* StructAndStateView.swift */,
			);
			path = iExpense;
			sourceTree = "<group>";
		};
		6233D987248F8BF60086DFF0 /* BetterRest */ = {
			isa = PBXGroup;
			children = (
				6233D988248F8BF60086DFF0 /* SourceFiles */,
				6233D98A248F8BF60086DFF0 /* BetterRestStart.swift */,
				6233D98B248F8BF60086DFF0 /* BetterRestView.swift */,
			);
			path = BetterRest;
			sourceTree = "<group>";
		};
		6233D988248F8BF60086DFF0 /* SourceFiles */ = {
			isa = PBXGroup;
			children = (
				6233D989248F8BF60086DFF0 /* BetterRest.mlmodel */,
			);
			path = SourceFiles;
			sourceTree = "<group>";
		};
		6233D98C248F8BF60086DFF0 /* GuessTheFlag */ = {
			isa = PBXGroup;
			children = (
				6233D98D248F8BF60086DFF0 /* CustomTitleView.swift */,
				6233D98E248F8BF60086DFF0 /* CustomTitle.swift */,
				6233D98F248F8BF60086DFF0 /* GuessTheFlagView.swift */,
				6233D990248F8BF60086DFF0 /* GridStack.swift */,
			);
			path = GuessTheFlag;
			sourceTree = "<group>";
		};
		6233D991248F8BF70086DFF0 /* Moonshot */ = {
			isa = PBXGroup;
			children = (
				6233D992248F8BF70086DFF0 /* MissionView.swift */,
				6233D993248F8BF70086DFF0 /* missions.json */,
				6233D994248F8BF70086DFF0 /* MoonshotView.swift */,
				6233D995248F8BF70086DFF0 /* ScrollContentView.swift */,
				6233D996248F8BF70086DFF0 /* AstronautView.swift */,
				6233D997248F8BF70086DFF0 /* ImageGeomenView.swift */,
				6233D998248F8BF70086DFF0 /* astronauts.json */,
			);
			path = Moonshot;
			sourceTree = "<group>";
		};
		6233D999248F8BF70086DFF0 /* Animations */ = {
			isa = PBXGroup;
			children = (
				6233D99A248F8BF70086DFF0 /* AnimationsStart.swift */,
				6233D99B248F8BF70086DFF0 /* ViewModifierTransition.swift */,
				6233D99C248F8BF70086DFF0 /* GuestureAnimations.swift */,
				6233D99D248F8BF70086DFF0 /* ShowAndHiddenViews.swift */,
			);
			path = Animations;
			sourceTree = "<group>";
		};
		6233D9BD248F95560086DFF0 /* WordScramble */ = {
			isa = PBXGroup;
			children = (
				6233D9BE248F95560086DFF0 /* WordScrambleView.swift */,
				6233D9BF248F95560086DFF0 /* WordScrambleStart.swift */,
				6233D9C0248F95560086DFF0 /* ListRowView.swift */,
				6233D9C1248F95560086DFF0 /* Files */,
			);
			path = WordScramble;
			sourceTree = "<group>";
		};
		6233D9C1248F95560086DFF0 /* Files */ = {
			isa = PBXGroup;
			children = (
				6233D9C2248F95560086DFF0 /* start.txt */,
			);
			path = Files;
			sourceTree = "<group>";
		};
/* End PBXGroup section */

/* Begin PBXNativeTarget section */
		6233D95E248F8BB40086DFF0 /* Hacking_SwiftUI */ = {
			isa = PBXNativeTarget;
			buildConfigurationList = 6233D973248F8BB60086DFF0 /* Build configuration list for PBXNativeTarget "Hacking_SwiftUI" */;
			buildPhases = (
				6233D95B248F8BB40086DFF0 /* Sources */,
				6233D95C248F8BB40086DFF0 /* Frameworks */,
				6233D95D248F8BB40086DFF0 /* Resources */,
			);
			buildRules = (
			);
			dependencies = (
			);
			name = Hacking_SwiftUI;
			productName = Hacking_SwiftUI;
			productReference = 6233D95F248F8BB40086DFF0 /* Hacking_SwiftUI.app */;
			productType = "com.apple.product-type.application";
		};
/* End PBXNativeTarget section */

/* Begin PBXProject section */
		6233D957248F8BB40086DFF0 /* Project object */ = {
			isa = PBXProject;
			attributes = {
				LastSwiftUpdateCheck = 1150;
				LastUpgradeCheck = 1150;
				ORGANIZATIONNAME = WeiRuJian;
				TargetAttributes = {
					6233D95E248F8BB40086DFF0 = {
						CreatedOnToolsVersion = 11.5;
					};
				};
			};
			buildConfigurationList = 6233D95A248F8BB40086DFF0 /* Build configuration list for PBXProject "Hacking_SwiftUI" */;
			compatibilityVersion = "Xcode 9.3";
			developmentRegion = en;
			hasScannedForEncodings = 0;
			knownRegions = (
				en,
				Base,
			);
			mainGroup = 6233D956248F8BB40086DFF0;
			productRefGroup = 6233D960248F8BB40086DFF0 /* Products */;
			projectDirPath = "";
			projectRoot = "";
			targets = (
				6233D95E248F8BB40086DFF0 /* Hacking_SwiftUI */,
			);
		};
/* End PBXProject section */

/* Begin PBXResourcesBuildPhase section */
		6233D95D248F8BB40086DFF0 /* Resources */ = {
			isa = PBXResourcesBuildPhase;
			buildActionMask = 2147483647;
			files = (
				6233D96F248F8BB60086DFF0 /* LaunchScreen.storyboard in Resources */,
				6233D9B1248F8BF70086DFF0 /* missions.json in Resources */,
				6233D9BC248F950D0086DFF0 /* README.md in Resources */,
				6233D9C6248F95560086DFF0 /* start.txt in Resources */,
				6233D9B6248F8BF70086DFF0 /* astronauts.json in Resources */,
				6233D96C248F8BB60086DFF0 /* Preview Assets.xcassets in Resources */,
				6233D969248F8BB60086DFF0 /* Assets.xcassets in Resources */,
			);
			runOnlyForDeploymentPostprocessing = 0;
		};
/* End PBXResourcesBuildPhase section */

/* Begin PBXSourcesBuildPhase section */
		6233D95B248F8BB40086DFF0 /* Sources */ = {
			isa = PBXSourcesBuildPhase;
			buildActionMask = 2147483647;
			files = (
				6274E01B24908FD700FB969D /* ImageBackgroundView.swift in Sources */,
				6233D9A8248F8BF70086DFF0 /* StartSwiftUIView.swift in Sources */,
				6233D99F248F8BF70086DFF0 /* iExpenseView.swift in Sources */,
				6233D9AA248F8BF70086DFF0 /* BetterRestStart.swift in Sources */,
				6274E01F2490DC3700FB969D /* CyclingCircleView.swift in Sources */,
				6233D9AC248F8BF70086DFF0 /* CustomTitleView.swift in Sources */,
				6233D9B3248F8BF70086DFF0 /* ScrollContentView.swift in Sources */,
				6233D9B9248F8BF70086DFF0 /* GuestureAnimations.swift in Sources */,
				6233D9C5248F95560086DFF0 /* ListRowView.swift in Sources */,
				6233D9A3248F8BF70086DFF0 /* StructAndStateView.swift in Sources */,
				6274E01D2490DA8500FB969D /* ColorCyclingCircle.swift in Sources */,
				6274E0192490855A00FB969D /* DrawingFlowerView.swift in Sources */,
				6233D9A1248F8BF70086DFF0 /* ExpenseDetailView.swift in Sources */,
				6274E017249081B300FB969D /* Flower.swift in Sources */,
				6233D9B2248F8BF70086DFF0 /* MoonshotView.swift in Sources */,
				6233D9C4248F95560086DFF0 /* WordScrambleStart.swift in Sources */,
				6233D963248F8BB40086DFF0 /* AppDelegate.swift in Sources */,
				6233D9B4248F8BF70086DFF0 /* AstronautView.swift in Sources */,
				6274E0232490E3A600FB969D /* OverlappingCirclesView.swift in Sources */,
				6233D9AE248F8BF70086DFF0 /* GuessTheFlagView.swift in Sources */,
				6233D9A2248F8BF70086DFF0 /* AddExpenseView.swift in Sources */,
				6233D9B8248F8BF70086DFF0 /* ViewModifierTransition.swift in Sources */,
				6233D9C3248F95560086DFF0 /* WordScrambleView.swift in Sources */,
				6233D9AF248F8BF70086DFF0 /* GridStack.swift in Sources */,
				6233D965248F8BB40086DFF0 /* SceneDelegate.swift in Sources */,
				6274E0212490E0D700FB969D /* MultiplyView.swift in Sources */,
				6233D967248F8BB40086DFF0 /* ContentView.swift in Sources */,
				6233D9A0248F8BF70086DFF0 /* PresentView.swift in Sources */,
				6233D9B0248F8BF70086DFF0 /* MissionView.swift in Sources */,
				6233D9BA248F8BF70086DFF0 /* ShowAndHiddenViews.swift in Sources */,
				6233D9A9248F8BF70086DFF0 /* BetterRest.mlmodel in Sources */,
				6233D9B5248F8BF70086DFF0 /* ImageGeomenView.swift in Sources */,
				6233D99E248F8BF70086DFF0 /* EditingListView.swift in Sources */,
				6274E015249075BB00FB969D /* DrawingStartView.swift in Sources */,
				6233D9AD248F8BF70086DFF0 /* CustomTitle.swift in Sources */,
				6233D9AB248F8BF70086DFF0 /* BetterRestView.swift in Sources */,
				6233D9B7248F8BF70086DFF0 /* AnimationsStart.swift in Sources */,
			);
			runOnlyForDeploymentPostprocessing = 0;
		};
/* End PBXSourcesBuildPhase section */

/* Begin PBXVariantGroup section */
		6233D96D248F8BB60086DFF0 /* LaunchScreen.storyboard */ = {
			isa = PBXVariantGroup;
			children = (
				6233D96E248F8BB60086DFF0 /* Base */,
			);
			name = LaunchScreen.storyboard;
			sourceTree = "<group>";
		};
/* End PBXVariantGroup section */

/* Begin XCBuildConfiguration section */
		6233D971248F8BB60086DFF0 /* Debug */ = {
			isa = XCBuildConfiguration;
			buildSettings = {
				ALWAYS_SEARCH_USER_PATHS = NO;
				CLANG_ANALYZER_NONNULL = YES;
				CLANG_ANALYZER_NUMBER_OBJECT_CONVERSION = YES_AGGRESSIVE;
				CLANG_CXX_LANGUAGE_STANDARD = "gnu++14";
				CLANG_CXX_LIBRARY = "libc++";
				CLANG_ENABLE_MODULES = YES;
				CLANG_ENABLE_OBJC_ARC = YES;
				CLANG_ENABLE_OBJC_WEAK = YES;
				CLANG_WARN_BLOCK_CAPTURE_AUTORELEASING = YES;
				CLANG_WARN_BOOL_CONVERSION = YES;
				CLANG_WARN_COMMA = YES;
				CLANG_WARN_CONSTANT_CONVERSION = YES;
				CLANG_WARN_DEPRECATED_OBJC_IMPLEMENTATIONS = YES;
				CLANG_WARN_DIRECT_OBJC_ISA_USAGE = YES_ERROR;
				CLANG_WARN_DOCUMENTATION_COMMENTS = YES;
				CLANG_WARN_EMPTY_BODY = YES;
				CLANG_WARN_ENUM_CONVERSION = YES;
				CLANG_WARN_INFINITE_RECURSION = YES;
				CLANG_WARN_INT_CONVERSION = YES;
				CLANG_WARN_NON_LITERAL_NULL_CONVERSION = YES;
				CLANG_WARN_OBJC_IMPLICIT_RETAIN_SELF = YES;
				CLANG_WARN_OBJC_LITERAL_CONVERSION = YES;
				CLANG_WARN_OBJC_ROOT_CLASS = YES_ERROR;
				CLANG_WARN_RANGE_LOOP_ANALYSIS = YES;
				CLANG_WARN_STRICT_PROTOTYPES = YES;
				CLANG_WARN_SUSPICIOUS_MOVE = YES;
				CLANG_WARN_UNGUARDED_AVAILABILITY = YES_AGGRESSIVE;
				CLANG_WARN_UNREACHABLE_CODE = YES;
				CLANG_WARN__DUPLICATE_METHOD_MATCH = YES;
				COPY_PHASE_STRIP = NO;
				DEBUG_INFORMATION_FORMAT = dwarf;
				ENABLE_STRICT_OBJC_MSGSEND = YES;
				ENABLE_TESTABILITY = YES;
				GCC_C_LANGUAGE_STANDARD = gnu11;
				GCC_DYNAMIC_NO_PIC = NO;
				GCC_NO_COMMON_BLOCKS = YES;
				GCC_OPTIMIZATION_LEVEL = 0;
				GCC_PREPROCESSOR_DEFINITIONS = (
					"DEBUG=1",
					"$(inherited)",
				);
				GCC_WARN_64_TO_32_BIT_CONVERSION = YES;
				GCC_WARN_ABOUT_RETURN_TYPE = YES_ERROR;
				GCC_WARN_UNDECLARED_SELECTOR = YES;
				GCC_WARN_UNINITIALIZED_AUTOS = YES_AGGRESSIVE;
				GCC_WARN_UNUSED_FUNCTION = YES;
				GCC_WARN_UNUSED_VARIABLE = YES;
				IPHONEOS_DEPLOYMENT_TARGET = 13.5;
				MTL_ENABLE_DEBUG_INFO = INCLUDE_SOURCE;
				MTL_FAST_MATH = YES;
				ONLY_ACTIVE_ARCH = YES;
				SDKROOT = iphoneos;
				SWIFT_ACTIVE_COMPILATION_CONDITIONS = DEBUG;
				SWIFT_OPTIMIZATION_LEVEL = "-Onone";
			};
			name = Debug;
		};
		6233D972248F8BB60086DFF0 /* Release */ = {
			isa = XCBuildConfiguration;
			buildSettings = {
				ALWAYS_SEARCH_USER_PATHS = NO;
				CLANG_ANALYZER_NONNULL = YES;
				CLANG_ANALYZER_NUMBER_OBJECT_CONVERSION = YES_AGGRESSIVE;
				CLANG_CXX_LANGUAGE_STANDARD = "gnu++14";
				CLANG_CXX_LIBRARY = "libc++";
				CLANG_ENABLE_MODULES = YES;
				CLANG_ENABLE_OBJC_ARC = YES;
				CLANG_ENABLE_OBJC_WEAK = YES;
				CLANG_WARN_BLOCK_CAPTURE_AUTORELEASING = YES;
				CLANG_WARN_BOOL_CONVERSION = YES;
				CLANG_WARN_COMMA = YES;
				CLANG_WARN_CONSTANT_CONVERSION = YES;
				CLANG_WARN_DEPRECATED_OBJC_IMPLEMENTATIONS = YES;
				CLANG_WARN_DIRECT_OBJC_ISA_USAGE = YES_ERROR;
				CLANG_WARN_DOCUMENTATION_COMMENTS = YES;
				CLANG_WARN_EMPTY_BODY = YES;
				CLANG_WARN_ENUM_CONVERSION = YES;
				CLANG_WARN_INFINITE_RECURSION = YES;
				CLANG_WARN_INT_CONVERSION = YES;
				CLANG_WARN_NON_LITERAL_NULL_CONVERSION = YES;
				CLANG_WARN_OBJC_IMPLICIT_RETAIN_SELF = YES;
				CLANG_WARN_OBJC_LITERAL_CONVERSION = YES;
				CLANG_WARN_OBJC_ROOT_CLASS = YES_ERROR;
				CLANG_WARN_RANGE_LOOP_ANALYSIS = YES;
				CLANG_WARN_STRICT_PROTOTYPES = YES;
				CLANG_WARN_SUSPICIOUS_MOVE = YES;
				CLANG_WARN_UNGUARDED_AVAILABILITY = YES_AGGRESSIVE;
				CLANG_WARN_UNREACHABLE_CODE = YES;
				CLANG_WARN__DUPLICATE_METHOD_MATCH = YES;
				COPY_PHASE_STRIP = NO;
				DEBUG_INFORMATION_FORMAT = "dwarf-with-dsym";
				ENABLE_NS_ASSERTIONS = NO;
				ENABLE_STRICT_OBJC_MSGSEND = YES;
				GCC_C_LANGUAGE_STANDARD = gnu11;
				GCC_NO_COMMON_BLOCKS = YES;
				GCC_WARN_64_TO_32_BIT_CONVERSION = YES;
				GCC_WARN_ABOUT_RETURN_TYPE = YES_ERROR;
				GCC_WARN_UNDECLARED_SELECTOR = YES;
				GCC_WARN_UNINITIALIZED_AUTOS = YES_AGGRESSIVE;
				GCC_WARN_UNUSED_FUNCTION = YES;
				GCC_WARN_UNUSED_VARIABLE = YES;
				IPHONEOS_DEPLOYMENT_TARGET = 13.5;
				MTL_ENABLE_DEBUG_INFO = NO;
				MTL_FAST_MATH = YES;
				SDKROOT = iphoneos;
				SWIFT_COMPILATION_MODE = wholemodule;
				SWIFT_OPTIMIZATION_LEVEL = "-O";
				VALIDATE_PRODUCT = YES;
			};
			name = Release;
		};
		6233D974248F8BB60086DFF0 /* Debug */ = {
			isa = XCBuildConfiguration;
			buildSettings = {
				ASSETCATALOG_COMPILER_APPICON_NAME = AppIcon;
				CODE_SIGN_STYLE = Automatic;
				DEVELOPMENT_ASSET_PATHS = "\"Hacking_SwiftUI/Preview Content\"";
				ENABLE_PREVIEWS = YES;
				INFOPLIST_FILE = Hacking_SwiftUI/Info.plist;
				LD_RUNPATH_SEARCH_PATHS = (
					"$(inherited)",
					"@executable_path/Frameworks",
				);
				PRODUCT_BUNDLE_IDENTIFIER = "com.choshim-wy.Hacking-SwiftUI";
				PRODUCT_NAME = "$(TARGET_NAME)";
				SWIFT_VERSION = 5.0;
				TARGETED_DEVICE_FAMILY = "1,2";
			};
			name = Debug;
		};
		6233D975248F8BB60086DFF0 /* Release */ = {
			isa = XCBuildConfiguration;
			buildSettings = {
				ASSETCATALOG_COMPILER_APPICON_NAME = AppIcon;
				CODE_SIGN_STYLE = Automatic;
				DEVELOPMENT_ASSET_PATHS = "\"Hacking_SwiftUI/Preview Content\"";
				ENABLE_PREVIEWS = YES;
				INFOPLIST_FILE = Hacking_SwiftUI/Info.plist;
				LD_RUNPATH_SEARCH_PATHS = (
					"$(inherited)",
					"@executable_path/Frameworks",
				);
				PRODUCT_BUNDLE_IDENTIFIER = "com.choshim-wy.Hacking-SwiftUI";
				PRODUCT_NAME = "$(TARGET_NAME)";
				SWIFT_VERSION = 5.0;
				TARGETED_DEVICE_FAMILY = "1,2";
			};
			name = Release;
		};
/* End XCBuildConfiguration section */

/* Begin XCConfigurationList section */
		6233D95A248F8BB40086DFF0 /* Build configuration list for PBXProject "Hacking_SwiftUI" */ = {
			isa = XCConfigurationList;
			buildConfigurations = (
				6233D971248F8BB60086DFF0 /* Debug */,
				6233D972248F8BB60086DFF0 /* Release */,
			);
			defaultConfigurationIsVisible = 0;
			defaultConfigurationName = Release;
		};
		6233D973248F8BB60086DFF0 /* Build configuration list for PBXNativeTarget "Hacking_SwiftUI" */ = {
			isa = XCConfigurationList;
			buildConfigurations = (
				6233D974248F8BB60086DFF0 /* Debug */,
				6233D975248F8BB60086DFF0 /* Release */,
			);
			defaultConfigurationIsVisible = 0;
			defaultConfigurationName = Release;
		};
/* End XCConfigurationList section */
	};
	rootObject = 6233D957248F8BB40086DFF0 /* Project object */;
}
